
Microsoft Visual Studio Solution File, Format Version 12.00
# Visual Studio Version 17
VisualStudioVersion = 17.6.33801.468
MinimumVisualStudioVersion = 10.0.40219.1
Project("{FAE04EC0-301F-11D3-BF4B-00C04F79EFBC}") = "Website Du lich", "Website Du lich\Website Du lich.csproj", "{EC3A7E3A-5E75-4C0C-A42A-DC61D478F9D4}"
EndProject
Global
	GlobalSection(SolutionConfigurationPlatforms) = preSolution
		Debug|Any CPU = Debug|Any CPU
		Release|Any CPU = Release|Any CPU
	EndGlobalSection
	GlobalSection(ProjectConfigurationPlatforms) = postSolution
		{EC3A7E3A-5E75-4C0C-A42A-DC61D478F9D4}.Debug|Any CPU.ActiveCfg = Debug|Any CPU
		{EC3A7E3A-5E75-4C0C-A42A-DC61D478F9D4}.Debug|Any CPU.Build.0 = Debug|Any CPU
		{EC3A7E3A-5E75-4C0C-A42A-DC61D478F9D4}.Release|Any CPU.ActiveCfg = Release|Any CPU
		{EC3A7E3A-5E75-4C0C-A42A-DC61D478F9D4}.Release|Any CPU.Build.0 = Release|Any CPU
	EndGlobalSection
	GlobalSection(SolutionProperties) = preSolution
		HideSolutionNode = FALSE
	EndGlobalSection
	GlobalSection(ExtensibilityGlobals) = postSolution
		SolutionGuid = {24CEE200-41A7-446E-B476-82635CD743D6}
	EndGlobalSection
EndGlobal
